
Microsoft Visual Studio Solution File, Format Version 12.00
# Visual Studio Version 16
VisualStudioVersion = 16.0.30803.129
MinimumVisualStudioVersion = 10.0.40219.1
Project("{2150E333-8FDC-42A3-9474-1A3956D46DE8}") = "Virtuals", "Virtuals", "{34ACA511-5903-4417-8699-E8A568C907E9}"
EndProject
Project("{2150E333-8FDC-42A3-9474-1A3956D46DE8}") = "Compilers", "Compilers", "{FCBF7E12-B4BF-4574-AAA2-20F8CAC0EE30}"
EndProject
Project("{FAE04EC0-301F-11D3-BF4B-00C04F79EFBC}") = "Winer.Compiler.Mac", "Winer.Compiler.Mac\Winer.Compiler.Mac.csproj", "{B529D6A9-D1F7-4B1D-9F44-92BDBD776BA8}"
EndProject
Project("{2150E333-8FDC-42A3-9474-1A3956D46DE8}") = "Windows", "Windows", "{460EE4FF-DA3A-43DE-891C-158A1AE9245E}"
EndProject
Project("{2150E333-8FDC-42A3-9474-1A3956D46DE8}") = "Linux", "Linux", "{16C8D055-0F87-4E33-9FD1-2A77D52B5EEE}"
EndProject
Project("{2150E333-8FDC-42A3-9474-1A3956D46DE8}") = "Mac", "Mac", "{7718F2EC-2C74-4E6A-A990-A7FD95BFAFDE}"
EndProject
Project("{2150E333-8FDC-42A3-9474-1A3956D46DE8}") = "Android", "Android", "{50DCAF2E-F0D8-4D8A-BB1A-C35EF05C2EAE}"
EndProject
Project("{2150E333-8FDC-42A3-9474-1A3956D46DE8}") = "All", "All", "{FD4F07C4-5C75-4A8E-B32D-BD2D10C248F1}"
EndProject
Project("{2150E333-8FDC-42A3-9474-1A3956D46DE8}") = "UWP", "UWP", "{70118AB6-6A7C-4DC1-A005-7BB069F1F714}"
EndProject
Project("{2150E333-8FDC-42A3-9474-1A3956D46DE8}") = "Debian", "Debian", "{36A9B36C-62CE-4F24-ADB8-8AAC9814BC78}"
EndProject
Project("{2150E333-8FDC-42A3-9474-1A3956D46DE8}") = "Arch", "Arch", "{7162DAE6-9A0E-48A4-8C4C-4723F5C25228}"
EndProject
Project("{2150E333-8FDC-42A3-9474-1A3956D46DE8}") = "Android", "Android", "{2B1649B1-C34F-49BB-AEF1-8F5B8223136F}"
EndProject
Project("{2150E333-8FDC-42A3-9474-1A3956D46DE8}") = "Linux", "Linux", "{3D6471BE-B31F-4760-A3FA-08F17492DB5B}"
EndProject
Project("{2150E333-8FDC-42A3-9474-1A3956D46DE8}") = "Mac", "Mac", "{A96D142C-4D47-4E20-8C91-1E08929E5E7E}"
EndProject
Project("{2150E333-8FDC-42A3-9474-1A3956D46DE8}") = "Windows", "Windows", "{7FB9A094-AAD7-4DAA-81EC-E4D5303887AA}"
EndProject
Project("{2150E333-8FDC-42A3-9474-1A3956D46DE8}") = "UWP", "UWP", "{159A5821-C998-4575-87E7-0E21180AF084}"
EndProject
Project("{2150E333-8FDC-42A3-9474-1A3956D46DE8}") = "All", "All", "{53F3CAFF-9051-4F94-BD68-E5A7AB8AD46C}"
EndProject
Project("{2150E333-8FDC-42A3-9474-1A3956D46DE8}") = "Arch", "Arch", "{3F147E8E-4145-46EA-BEEB-92AC4B286A5E}"
EndProject
Project("{2150E333-8FDC-42A3-9474-1A3956D46DE8}") = "Debian", "Debian", "{1865D9D8-4263-4217-A7B4-30E55312D359}"
EndProject
Project("{FAE04EC0-301F-11D3-BF4B-00C04F79EFBC}") = "Winer.Linux.ArchBases", "Winer.Linux.ArchBases\Winer.Linux.ArchBases.csproj", "{337E895D-9202-408F-8270-8959FDCD56B1}"
EndProject
Project("{FAE04EC0-301F-11D3-BF4B-00C04F79EFBC}") = "Winer.Linux.DebainBases", "Winer.Linux.DebainBases\Winer.Linux.DebainBases.csproj", "{15BEF013-F1B2-4E44-B378-CCD8346FB114}"
EndProject
Project("{FAE04EC0-301F-11D3-BF4B-00C04F79EFBC}") = "Winer.Virtuals.Windows.All", "Winer.Virtuals.Windows.All\Winer.Virtuals.Windows.All.csproj", "{3A8FE1F5-5122-4BCF-95DE-0E8F3A071D7F}"
EndProject
Project("{FAE04EC0-301F-11D3-BF4B-00C04F79EFBC}") = "Winer.Virtuals.Windows.UWP", "Winer.Virtuals.Windows.UWP\Winer.Virtuals.Windows.UWP.csproj", "{2DF77DAD-EBB4-4A87-9079-E02A5A4203C4}"
EndProject
Project("{FAE04EC0-301F-11D3-BF4B-00C04F79EFBC}") = "Winer.Virtuals.MAC", "Winer.Virtuals.MAc\Winer.Virtuals.MAC.csproj", "{508E5429-528D-443E-B73C-1D7D2B9A84E2}"
EndProject
Project("{FAE04EC0-301F-11D3-BF4B-00C04F79EFBC}") = "Winer.Virtuals.Androids", "Winer.Virtuals.Androids\Winer.Virtuals.Androids.csproj", "{6E121134-71E8-4FAC-8807-60045DF30616}"
EndProject
Project("{FAE04EC0-301F-11D3-BF4B-00C04F79EFBC}") = "Winer.Compillers.Windows.All", "Winer.Compillers.Windows.All\Winer.Compillers.Windows.All.csproj", "{DFB9096B-1076-4EC4-B95A-4CCDC2A9F842}"
EndProject
Project("{FAE04EC0-301F-11D3-BF4B-00C04F79EFBC}") = "Winer.Compillers.Windows.UWP", "Winer.Compillers.Windows.UWP\Winer.Compillers.Windows.UWP.csproj", "{41B0E4B1-F42F-42A7-9719-E50A6583EA00}"
EndProject
Project("{FAE04EC0-301F-11D3-BF4B-00C04F79EFBC}") = "Winer.Linux.Copmillers.ArchBases", "Winer.Copmillers.ArchBases\Winer.Linux.Copmillers.ArchBases.csproj", "{AF200723-B4A3-4960-B298-3B911E1A5380}"
EndProject
Project("{FAE04EC0-301F-11D3-BF4B-00C04F79EFBC}") = "Winer.Compilers.Linux.UbuntuBases", "Winer.Compilers.Linux.UbuntuBases\Winer.Compilers.Linux.UbuntuBases.csproj", "{7FC49DB5-6823-435B-98BF-CEA59F0A6B0B}"
EndProject
Global
	GlobalSection(SolutionConfigurationPlatforms) = preSolution
		Debug|Any CPU = Debug|Any CPU
		Release|Any CPU = Release|Any CPU
	EndGlobalSection
	GlobalSection(ProjectConfigurationPlatforms) = postSolution
		{B529D6A9-D1F7-4B1D-9F44-92BDBD776BA8}.Debug|Any CPU.ActiveCfg = Debug|Any CPU
		{B529D6A9-D1F7-4B1D-9F44-92BDBD776BA8}.Debug|Any CPU.Build.0 = Debug|Any CPU
		{B529D6A9-D1F7-4B1D-9F44-92BDBD776BA8}.Release|Any CPU.ActiveCfg = Release|Any CPU
		{B529D6A9-D1F7-4B1D-9F44-92BDBD776BA8}.Release|Any CPU.Build.0 = Release|Any CPU
		{337E895D-9202-408F-8270-8959FDCD56B1}.Debug|Any CPU.ActiveCfg = Debug|Any CPU
		{337E895D-9202-408F-8270-8959FDCD56B1}.Debug|Any CPU.Build.0 = Debug|Any CPU
		{337E895D-9202-408F-8270-8959FDCD56B1}.Release|Any CPU.ActiveCfg = Release|Any CPU
		{337E895D-9202-408F-8270-8959FDCD56B1}.Release|Any CPU.Build.0 = Release|Any CPU
		{15BEF013-F1B2-4E44-B378-CCD8346FB114}.Debug|Any CPU.ActiveCfg = Debug|Any CPU
		{15BEF013-F1B2-4E44-B378-CCD8346FB114}.Debug|Any CPU.Build.0 = Debug|Any CPU
		{15BEF013-F1B2-4E44-B378-CCD8346FB114}.Release|Any CPU.ActiveCfg = Release|Any CPU
		{15BEF013-F1B2-4E44-B378-CCD8346FB114}.Release|Any CPU.Build.0 = Release|Any CPU
		{3A8FE1F5-5122-4BCF-95DE-0E8F3A071D7F}.Debug|Any CPU.ActiveCfg = Debug|Any CPU
		{3A8FE1F5-5122-4BCF-95DE-0E8F3A071D7F}.Debug|Any CPU.Build.0 = Debug|Any CPU
		{3A8FE1F5-5122-4BCF-95DE-0E8F3A071D7F}.Release|Any CPU.ActiveCfg = Release|Any CPU
		{3A8FE1F5-5122-4BCF-95DE-0E8F3A071D7F}.Release|Any CPU.Build.0 = Release|Any CPU
		{2DF77DAD-EBB4-4A87-9079-E02A5A4203C4}.Debug|Any CPU.ActiveCfg = Debug|Any CPU
		{2DF77DAD-EBB4-4A87-9079-E02A5A4203C4}.Debug|Any CPU.Build.0 = Debug|Any CPU
		{2DF77DAD-EBB4-4A87-9079-E02A5A4203C4}.Release|Any CPU.ActiveCfg = Release|Any CPU
		{2DF77DAD-EBB4-4A87-9079-E02A5A4203C4}.Release|Any CPU.Build.0 = Release|Any CPU
		{508E5429-528D-443E-B73C-1D7D2B9A84E2}.Debug|Any CPU.ActiveCfg = Debug|Any CPU
		{508E5429-528D-443E-B73C-1D7D2B9A84E2}.Debug|Any CPU.Build.0 = Debug|Any CPU
		{508E5429-528D-443E-B73C-1D7D2B9A84E2}.Release|Any CPU.ActiveCfg = Release|Any CPU
		{508E5429-528D-443E-B73C-1D7D2B9A84E2}.Release|Any CPU.Build.0 = Release|Any CPU
		{6E121134-71E8-4FAC-8807-60045DF30616}.Debug|Any CPU.ActiveCfg = Debug|Any CPU
		{6E121134-71E8-4FAC-8807-60045DF30616}.Debug|Any CPU.Build.0 = Debug|Any CPU
		{6E121134-71E8-4FAC-8807-60045DF30616}.Release|Any CPU.ActiveCfg = Release|Any CPU
		{6E121134-71E8-4FAC-8807-60045DF30616}.Release|Any CPU.Build.0 = Release|Any CPU
		{DFB9096B-1076-4EC4-B95A-4CCDC2A9F842}.Debug|Any CPU.ActiveCfg = Debug|Any CPU
		{DFB9096B-1076-4EC4-B95A-4CCDC2A9F842}.Debug|Any CPU.Build.0 = Debug|Any CPU
		{DFB9096B-1076-4EC4-B95A-4CCDC2A9F842}.Release|Any CPU.ActiveCfg = Release|Any CPU
		{DFB9096B-1076-4EC4-B95A-4CCDC2A9F842}.Release|Any CPU.Build.0 = Release|Any CPU
		{41B0E4B1-F42F-42A7-9719-E50A6583EA00}.Debug|Any CPU.ActiveCfg = Debug|Any CPU
		{41B0E4B1-F42F-42A7-9719-E50A6583EA00}.Debug|Any CPU.Build.0 = Debug|Any CPU
		{41B0E4B1-F42F-42A7-9719-E50A6583EA00}.Release|Any CPU.ActiveCfg = Release|Any CPU
		{41B0E4B1-F42F-42A7-9719-E50A6583EA00}.Release|Any CPU.Build.0 = Release|Any CPU
		{AF200723-B4A3-4960-B298-3B911E1A5380}.Debug|Any CPU.ActiveCfg = Debug|Any CPU
		{AF200723-B4A3-4960-B298-3B911E1A5380}.Debug|Any CPU.Build.0 = Debug|Any CPU
		{AF200723-B4A3-4960-B298-3B911E1A5380}.Release|Any CPU.ActiveCfg = Release|Any CPU
		{AF200723-B4A3-4960-B298-3B911E1A5380}.Release|Any CPU.Build.0 = Release|Any CPU
		{7FC49DB5-6823-435B-98BF-CEA59F0A6B0B}.Debug|Any CPU.ActiveCfg = Debug|Any CPU
		{7FC49DB5-6823-435B-98BF-CEA59F0A6B0B}.Debug|Any CPU.Build.0 = Debug|Any CPU
		{7FC49DB5-6823-435B-98BF-CEA59F0A6B0B}.Release|Any CPU.ActiveCfg = Release|Any CPU
		{7FC49DB5-6823-435B-98BF-CEA59F0A6B0B}.Release|Any CPU.Build.0 = Release|Any CPU
	EndGlobalSection
	GlobalSection(SolutionProperties) = preSolution
		HideSolutionNode = FALSE
	EndGlobalSection
	GlobalSection(NestedProjects) = preSolution
		{B529D6A9-D1F7-4B1D-9F44-92BDBD776BA8} = {7718F2EC-2C74-4E6A-A990-A7FD95BFAFDE}
		{460EE4FF-DA3A-43DE-891C-158A1AE9245E} = {FCBF7E12-B4BF-4574-AAA2-20F8CAC0EE30}
		{16C8D055-0F87-4E33-9FD1-2A77D52B5EEE} = {FCBF7E12-B4BF-4574-AAA2-20F8CAC0EE30}
		{7718F2EC-2C74-4E6A-A990-A7FD95BFAFDE} = {FCBF7E12-B4BF-4574-AAA2-20F8CAC0EE30}
		{50DCAF2E-F0D8-4D8A-BB1A-C35EF05C2EAE} = {FCBF7E12-B4BF-4574-AAA2-20F8CAC0EE30}
		{FD4F07C4-5C75-4A8E-B32D-BD2D10C248F1} = {460EE4FF-DA3A-43DE-891C-158A1AE9245E}
		{70118AB6-6A7C-4DC1-A005-7BB069F1F714} = {460EE4FF-DA3A-43DE-891C-158A1AE9245E}
		{36A9B36C-62CE-4F24-ADB8-8AAC9814BC78} = {16C8D055-0F87-4E33-9FD1-2A77D52B5EEE}
		{7162DAE6-9A0E-48A4-8C4C-4723F5C25228} = {16C8D055-0F87-4E33-9FD1-2A77D52B5EEE}
		{2B1649B1-C34F-49BB-AEF1-8F5B8223136F} = {34ACA511-5903-4417-8699-E8A568C907E9}
		{3D6471BE-B31F-4760-A3FA-08F17492DB5B} = {34ACA511-5903-4417-8699-E8A568C907E9}
		{A96D142C-4D47-4E20-8C91-1E08929E5E7E} = {34ACA511-5903-4417-8699-E8A568C907E9}
		{7FB9A094-AAD7-4DAA-81EC-E4D5303887AA} = {34ACA511-5903-4417-8699-E8A568C907E9}
		{159A5821-C998-4575-87E7-0E21180AF084} = {7FB9A094-AAD7-4DAA-81EC-E4D5303887AA}
		{53F3CAFF-9051-4F94-BD68-E5A7AB8AD46C} = {7FB9A094-AAD7-4DAA-81EC-E4D5303887AA}
		{3F147E8E-4145-46EA-BEEB-92AC4B286A5E} = {3D6471BE-B31F-4760-A3FA-08F17492DB5B}
		{1865D9D8-4263-4217-A7B4-30E55312D359} = {3D6471BE-B31F-4760-A3FA-08F17492DB5B}
		{337E895D-9202-408F-8270-8959FDCD56B1} = {3F147E8E-4145-46EA-BEEB-92AC4B286A5E}
		{15BEF013-F1B2-4E44-B378-CCD8346FB114} = {1865D9D8-4263-4217-A7B4-30E55312D359}
		{3A8FE1F5-5122-4BCF-95DE-0E8F3A071D7F} = {53F3CAFF-9051-4F94-BD68-E5A7AB8AD46C}
		{2DF77DAD-EBB4-4A87-9079-E02A5A4203C4} = {159A5821-C998-4575-87E7-0E21180AF084}
		{508E5429-528D-443E-B73C-1D7D2B9A84E2} = {A96D142C-4D47-4E20-8C91-1E08929E5E7E}
		{6E121134-71E8-4FAC-8807-60045DF30616} = {2B1649B1-C34F-49BB-AEF1-8F5B8223136F}
		{DFB9096B-1076-4EC4-B95A-4CCDC2A9F842} = {FD4F07C4-5C75-4A8E-B32D-BD2D10C248F1}
		{41B0E4B1-F42F-42A7-9719-E50A6583EA00} = {70118AB6-6A7C-4DC1-A005-7BB069F1F714}
		{AF200723-B4A3-4960-B298-3B911E1A5380} = {7162DAE6-9A0E-48A4-8C4C-4723F5C25228}
		{7FC49DB5-6823-435B-98BF-CEA59F0A6B0B} = {36A9B36C-62CE-4F24-ADB8-8AAC9814BC78}
	EndGlobalSection
	GlobalSection(ExtensibilityGlobals) = postSolution
		SolutionGuid = {32840B6C-9CA8-4BFF-B957-57F54FA935B6}
	EndGlobalSection
EndGlobal
